
Microsoft Visual Studio Solution File, Format Version 12.00
# Visual Studio Version 17
VisualStudioVersion = 17.11.35303.130
MinimumVisualStudioVersion = 10.0.40219.1
Project("{FAE04EC0-301F-11D3-BF4B-00C04F79EFBC}") = "beat_on_jeans_escritorio", "beat_on_jeans_escritorio\beat_on_jeans_escritorio.csproj", "{69044793-FA1A-4A74-85FF-94EC68273970}"
EndProject
Global
	GlobalSection(SolutionConfigurationPlatforms) = preSolution
		Debug|Any CPU = Debug|Any CPU
		Release|Any CPU = Release|Any CPU
	EndGlobalSection
	GlobalSection(ProjectConfigurationPlatforms) = postSolution
		{69044793-FA1A-4A74-85FF-94EC68273970}.Debug|Any CPU.ActiveCfg = Debug|Any CPU
		{69044793-FA1A-4A74-85FF-94EC68273970}.Debug|Any CPU.Build.0 = Debug|Any CPU
		{69044793-FA1A-4A74-85FF-94EC68273970}.Release|Any CPU.ActiveCfg = Release|Any CPU
		{69044793-FA1A-4A74-85FF-94EC68273970}.Release|Any CPU.Build.0 = Release|Any CPU
	EndGlobalSection
	GlobalSection(SolutionProperties) = preSolution
		HideSolutionNode = FALSE
	EndGlobalSection
	GlobalSection(ExtensibilityGlobals) = postSolution
		SolutionGuid = {63EE6F5C-4A26-4C40-B25F-19464441BDBF}
	EndGlobalSection
EndGlobal
